
Microsoft Visual Studio Solution File, Format Version 12.00
# Visual Studio Version 16
VisualStudioVersion = 16.0.31624.102
MinimumVisualStudioVersion = 10.0.40219.1
Project("{2150E333-8FDC-42A3-9474-1A3956D46DE8}") = "Ex.6.1", "Ex.6.1", "{6E9BF209-B0FC-437E-AB8E-9252ADCC14E8}"
EndProject
Project("{2150E333-8FDC-42A3-9474-1A3956D46DE8}") = "Ex.6.2", "Ex.6.2", "{E375D1E5-68EE-4896-B35F-010E572472FB}"
EndProject
Project("{2150E333-8FDC-42A3-9474-1A3956D46DE8}") = "Ex.6.3", "Ex.6.3", "{E1FFD8C0-D890-4968-9526-976C40D484F3}"
EndProject
Project("{2150E333-8FDC-42A3-9474-1A3956D46DE8}") = "Ex.6.4", "Ex.6.4", "{0EE9ABAD-31A1-4080-A59A-E7B6F6740DD9}"
EndProject
Project("{2150E333-8FDC-42A3-9474-1A3956D46DE8}") = "Ex.6.5", "Ex.6.5", "{0CB7624B-DE0F-428B-98FB-ACCA9E9643CB}"
EndProject
Project("{2150E333-8FDC-42A3-9474-1A3956D46DE8}") = "Ex.6.6", "Ex.6.6", "{0A943420-FD1A-4B5F-8FF7-D06935070696}"
EndProject
Project("{2150E333-8FDC-42A3-9474-1A3956D46DE8}") = "Ex.6.7", "Ex.6.7", "{31CAD15F-A7A2-442B-97D2-E60497F0901E}"
EndProject
Project("{2150E333-8FDC-42A3-9474-1A3956D46DE8}") = "Ex.6.8", "Ex.6.8", "{6C61485A-FD4F-4F95-AE83-AF7016901FB7}"
EndProject
Project("{9A19103F-16F7-4668-BE54-9A1E7A4F7556}") = "Ex.6.1", "Ex.6.1\Ex.6.1.csproj", "{6437D937-2591-4FF4-A522-8CF849C56940}"
EndProject
Project("{9A19103F-16F7-4668-BE54-9A1E7A4F7556}") = "Ex.6.2", "Ex.6.2\Ex.6.2.csproj", "{8A4CD293-0C3A-482A-8556-1F034A42C5AD}"
EndProject
Project("{FAE04EC0-301F-11D3-BF4B-00C04F79EFBC}") = "Ex.6.3", "Ex.6.3\Ex.6.3.csproj", "{06F4B5ED-E283-4C21-9C1D-07AA0D9A3EC1}"
EndProject
Project("{FAE04EC0-301F-11D3-BF4B-00C04F79EFBC}") = "Ex.6.4", "Ex.6.4\Ex.6.4.csproj", "{1161C3F1-B95C-4A7F-8282-0A23C22334A4}"
EndProject
Project("{FAE04EC0-301F-11D3-BF4B-00C04F79EFBC}") = "Ex.6.5", "Ex.6.5\Ex.6.5.csproj", "{B6AE6416-5741-49CA-AD0C-A1ADADF03D6B}"
EndProject
Project("{FAE04EC0-301F-11D3-BF4B-00C04F79EFBC}") = "Ex.6.6", "Ex.6.6\Ex.6.6.csproj", "{674B7D58-00D4-4688-A0A7-67BA65B962C1}"
EndProject
Global
	GlobalSection(SolutionConfigurationPlatforms) = preSolution
		Debug|Any CPU = Debug|Any CPU
		Release|Any CPU = Release|Any CPU
	EndGlobalSection
	GlobalSection(ProjectConfigurationPlatforms) = postSolution
		{6437D937-2591-4FF4-A522-8CF849C56940}.Debug|Any CPU.ActiveCfg = Debug|Any CPU
		{6437D937-2591-4FF4-A522-8CF849C56940}.Debug|Any CPU.Build.0 = Debug|Any CPU
		{6437D937-2591-4FF4-A522-8CF849C56940}.Release|Any CPU.ActiveCfg = Release|Any CPU
		{6437D937-2591-4FF4-A522-8CF849C56940}.Release|Any CPU.Build.0 = Release|Any CPU
		{8A4CD293-0C3A-482A-8556-1F034A42C5AD}.Debug|Any CPU.ActiveCfg = Debug|Any CPU
		{8A4CD293-0C3A-482A-8556-1F034A42C5AD}.Debug|Any CPU.Build.0 = Debug|Any CPU
		{8A4CD293-0C3A-482A-8556-1F034A42C5AD}.Release|Any CPU.ActiveCfg = Release|Any CPU
		{8A4CD293-0C3A-482A-8556-1F034A42C5AD}.Release|Any CPU.Build.0 = Release|Any CPU
		{06F4B5ED-E283-4C21-9C1D-07AA0D9A3EC1}.Debug|Any CPU.ActiveCfg = Debug|Any CPU
		{06F4B5ED-E283-4C21-9C1D-07AA0D9A3EC1}.Debug|Any CPU.Build.0 = Debug|Any CPU
		{06F4B5ED-E283-4C21-9C1D-07AA0D9A3EC1}.Release|Any CPU.ActiveCfg = Release|Any CPU
		{06F4B5ED-E283-4C21-9C1D-07AA0D9A3EC1}.Release|Any CPU.Build.0 = Release|Any CPU
		{1161C3F1-B95C-4A7F-8282-0A23C22334A4}.Debug|Any CPU.ActiveCfg = Debug|Any CPU
		{1161C3F1-B95C-4A7F-8282-0A23C22334A4}.Debug|Any CPU.Build.0 = Debug|Any CPU
		{1161C3F1-B95C-4A7F-8282-0A23C22334A4}.Release|Any CPU.ActiveCfg = Release|Any CPU
		{1161C3F1-B95C-4A7F-8282-0A23C22334A4}.Release|Any CPU.Build.0 = Release|Any CPU
		{B6AE6416-5741-49CA-AD0C-A1ADADF03D6B}.Debug|Any CPU.ActiveCfg = Debug|Any CPU
		{B6AE6416-5741-49CA-AD0C-A1ADADF03D6B}.Debug|Any CPU.Build.0 = Debug|Any CPU
		{B6AE6416-5741-49CA-AD0C-A1ADADF03D6B}.Release|Any CPU.ActiveCfg = Release|Any CPU
		{B6AE6416-5741-49CA-AD0C-A1ADADF03D6B}.Release|Any CPU.Build.0 = Release|Any CPU
		{674B7D58-00D4-4688-A0A7-67BA65B962C1}.Debug|Any CPU.ActiveCfg = Debug|Any CPU
		{674B7D58-00D4-4688-A0A7-67BA65B962C1}.Debug|Any CPU.Build.0 = Debug|Any CPU
		{674B7D58-00D4-4688-A0A7-67BA65B962C1}.Release|Any CPU.ActiveCfg = Release|Any CPU
		{674B7D58-00D4-4688-A0A7-67BA65B962C1}.Release|Any CPU.Build.0 = Release|Any CPU
	EndGlobalSection
	GlobalSection(SolutionProperties) = preSolution
		HideSolutionNode = FALSE
	EndGlobalSection
	GlobalSection(NestedProjects) = preSolution
		{6437D937-2591-4FF4-A522-8CF849C56940} = {6E9BF209-B0FC-437E-AB8E-9252ADCC14E8}
		{8A4CD293-0C3A-482A-8556-1F034A42C5AD} = {E375D1E5-68EE-4896-B35F-010E572472FB}
		{06F4B5ED-E283-4C21-9C1D-07AA0D9A3EC1} = {E1FFD8C0-D890-4968-9526-976C40D484F3}
		{1161C3F1-B95C-4A7F-8282-0A23C22334A4} = {0EE9ABAD-31A1-4080-A59A-E7B6F6740DD9}
		{B6AE6416-5741-49CA-AD0C-A1ADADF03D6B} = {0CB7624B-DE0F-428B-98FB-ACCA9E9643CB}
		{674B7D58-00D4-4688-A0A7-67BA65B962C1} = {0A943420-FD1A-4B5F-8FF7-D06935070696}
	EndGlobalSection
	GlobalSection(ExtensibilityGlobals) = postSolution
		SolutionGuid = {F9DC796C-3C04-4269-8028-50B724547A2E}
	EndGlobalSection
EndGlobal
